
Microsoft Visual Studio Solution File, Format Version 12.00
Project("{FAE04EC0-301F-11D3-BF4B-00C04F79EFBC}") = "PomagajLocaly", "PomagajLocaly\PomagajLocaly.csproj", "{AD06F3E9-D49F-419C-9B10-7359601FDEAF}"
EndProject
Global
	GlobalSection(SolutionConfigurationPlatforms) = preSolution
		Debug|Any CPU = Debug|Any CPU
		Release|Any CPU = Release|Any CPU
	EndGlobalSection
	GlobalSection(ProjectConfigurationPlatforms) = postSolution
		{AD06F3E9-D49F-419C-9B10-7359601FDEAF}.Debug|Any CPU.ActiveCfg = Debug|Any CPU
		{AD06F3E9-D49F-419C-9B10-7359601FDEAF}.Debug|Any CPU.Build.0 = Debug|Any CPU
		{AD06F3E9-D49F-419C-9B10-7359601FDEAF}.Release|Any CPU.ActiveCfg = Release|Any CPU
		{AD06F3E9-D49F-419C-9B10-7359601FDEAF}.Release|Any CPU.Build.0 = Release|Any CPU
	EndGlobalSection
EndGlobal
